
Microsoft Visual Studio Solution File, Format Version 12.00
# Visual Studio Version 16
VisualStudioVersion = 16.0.31410.357
MinimumVisualStudioVersion = 15.0.26124.0
Project("{9A19103F-16F7-4668-BE54-9A1E7A4F7556}") = "NalongPay.Domain", "Src\NalongPay.Domain\NalongPay.Domain.csproj", "{C8798345-E150-4D2C-8C1E-BE514C765BE4}"
EndProject
Project("{9A19103F-16F7-4668-BE54-9A1E7A4F7556}") = "NalongPay.DomainService", "Src\NalongPay.DomainService\NalongPay.DomainService.csproj", "{33914241-13E2-45CC-83BD-472A716E770D}"
EndProject
Project("{9A19103F-16F7-4668-BE54-9A1E7A4F7556}") = "NalongPay.IDomainService", "Src\NalongPay.IDomainService\NalongPay.IDomainService.csproj", "{C60E95DE-8292-4427-BF57-C768D0ADAADE}"
EndProject
Project("{2150E333-8FDC-42A3-9474-1A3956D46DE8}") = "3.Domain", "3.Domain", "{C8597422-D0CB-4AC7-84C1-F901E27C7AB5}"
EndProject
Project("{2150E333-8FDC-42A3-9474-1A3956D46DE8}") = "4.Infrastructure", "4.Infrastructure", "{640D15B1-8E1B-4132-85F9-65DB047A0FD5}"
EndProject
Project("{9A19103F-16F7-4668-BE54-9A1E7A4F7556}") = "NalongPay.Service.Http", "Src\NalongPay.Service.Http\NalongPay.Service.Http.csproj", "{EB311208-1AF4-42E8-BA38-1BB6C065BE82}"
EndProject
Project("{9A19103F-16F7-4668-BE54-9A1E7A4F7556}") = "NalongPay.Infrastructure.Config", "Src\NalongPay.Infrastructure.Config\NalongPay.Infrastructure.Config.csproj", "{EECD800D-3868-415C-93AB-5685360CC3FA}"
EndProject
Project("{2150E333-8FDC-42A3-9474-1A3956D46DE8}") = "1.ApiService", "1.ApiService", "{E392A1CD-8BF5-427B-90B0-59B13ED19076}"
EndProject
Project("{9A19103F-16F7-4668-BE54-9A1E7A4F7556}") = "NalongPay.Domain.Event", "Src\NalongPay.Domain.Event\NalongPay.Domain.Event.csproj", "{2621B4A1-A31F-499D-BB56-BD7AE3ED8C8B}"
EndProject
Project("{9A19103F-16F7-4668-BE54-9A1E7A4F7556}") = "NalongPay.IApiService", "Src\NalongPay.IApiService\NalongPay.IApiService.csproj", "{2A73F93C-0B3C-4BF4-8AD1-EFF3450B7493}"
EndProject
Project("{9A19103F-16F7-4668-BE54-9A1E7A4F7556}") = "NalongPay.ApiService", "Src\NalongPay.ApiService\NalongPay.ApiService.csproj", "{2A15D3E9-73D6-452B-B29D-CE185D79E05A}"
EndProject
Project("{2150E333-8FDC-42A3-9474-1A3956D46DE8}") = "2.Application", "2.Application", "{CC6499A2-FA56-444F-A9E0-ED4C7F97927B}"
EndProject
Project("{9A19103F-16F7-4668-BE54-9A1E7A4F7556}") = "NalongPay.IAppService", "Src\NalongPay.IAppService\NalongPay.IAppService.csproj", "{6BC6FB0C-D95C-4DEB-B609-C0B403017884}"
EndProject
Project("{9A19103F-16F7-4668-BE54-9A1E7A4F7556}") = "NalongPay.AppService", "Src\NalongPay.AppService\NalongPay.AppService.csproj", "{B582C8BD-ACBD-4035-9A64-3E9930262327}"
EndProject
Project("{2150E333-8FDC-42A3-9474-1A3956D46DE8}") = "0.solution-items", "0.solution-items", "{AA0D24A0-98DF-4BAE-80B8-6412CC76C0FD}"
	ProjectSection(SolutionItems) = preProject
		common.props = common.props
		Dockerfile = Dockerfile
		jenkins.ps1 = jenkins.ps1
		publish.ps1 = publish.ps1
		README.md = README.md
	EndProjectSection
EndProject
Project("{FAE04EC0-301F-11D3-BF4B-00C04F79EFBC}") = "NalongPay.Infrastructure.Utils", "Src\NalongPay.Infrastructure.Utils\NalongPay.Infrastructure.Utils.csproj", "{578A7F6A-8CBD-4779-822A-ECBC4AA63869}"
EndProject
Global
	GlobalSection(SolutionConfigurationPlatforms) = preSolution
		Debug|Any CPU = Debug|Any CPU
		Debug|x64 = Debug|x64
		Debug|x86 = Debug|x86
		Release|Any CPU = Release|Any CPU
		Release|x64 = Release|x64
		Release|x86 = Release|x86
	EndGlobalSection
	GlobalSection(ProjectConfigurationPlatforms) = postSolution
		{C8798345-E150-4D2C-8C1E-BE514C765BE4}.Debug|Any CPU.ActiveCfg = Debug|Any CPU
		{C8798345-E150-4D2C-8C1E-BE514C765BE4}.Debug|Any CPU.Build.0 = Debug|Any CPU
		{C8798345-E150-4D2C-8C1E-BE514C765BE4}.Debug|x64.ActiveCfg = Debug|Any CPU
		{C8798345-E150-4D2C-8C1E-BE514C765BE4}.Debug|x64.Build.0 = Debug|Any CPU
		{C8798345-E150-4D2C-8C1E-BE514C765BE4}.Debug|x86.ActiveCfg = Debug|Any CPU
		{C8798345-E150-4D2C-8C1E-BE514C765BE4}.Debug|x86.Build.0 = Debug|Any CPU
		{C8798345-E150-4D2C-8C1E-BE514C765BE4}.Release|Any CPU.ActiveCfg = Release|Any CPU
		{C8798345-E150-4D2C-8C1E-BE514C765BE4}.Release|Any CPU.Build.0 = Release|Any CPU
		{C8798345-E150-4D2C-8C1E-BE514C765BE4}.Release|x64.ActiveCfg = Release|Any CPU
		{C8798345-E150-4D2C-8C1E-BE514C765BE4}.Release|x64.Build.0 = Release|Any CPU
		{C8798345-E150-4D2C-8C1E-BE514C765BE4}.Release|x86.ActiveCfg = Release|Any CPU
		{C8798345-E150-4D2C-8C1E-BE514C765BE4}.Release|x86.Build.0 = Release|Any CPU
		{33914241-13E2-45CC-83BD-472A716E770D}.Debug|Any CPU.ActiveCfg = Debug|Any CPU
		{33914241-13E2-45CC-83BD-472A716E770D}.Debug|Any CPU.Build.0 = Debug|Any CPU
		{33914241-13E2-45CC-83BD-472A716E770D}.Debug|x64.ActiveCfg = Debug|Any CPU
		{33914241-13E2-45CC-83BD-472A716E770D}.Debug|x64.Build.0 = Debug|Any CPU
		{33914241-13E2-45CC-83BD-472A716E770D}.Debug|x86.ActiveCfg = Debug|Any CPU
		{33914241-13E2-45CC-83BD-472A716E770D}.Debug|x86.Build.0 = Debug|Any CPU
		{33914241-13E2-45CC-83BD-472A716E770D}.Release|Any CPU.ActiveCfg = Release|Any CPU
		{33914241-13E2-45CC-83BD-472A716E770D}.Release|Any CPU.Build.0 = Release|Any CPU
		{33914241-13E2-45CC-83BD-472A716E770D}.Release|x64.ActiveCfg = Release|Any CPU
		{33914241-13E2-45CC-83BD-472A716E770D}.Release|x64.Build.0 = Release|Any CPU
		{33914241-13E2-45CC-83BD-472A716E770D}.Release|x86.ActiveCfg = Release|Any CPU
		{33914241-13E2-45CC-83BD-472A716E770D}.Release|x86.Build.0 = Release|Any CPU
		{C60E95DE-8292-4427-BF57-C768D0ADAADE}.Debug|Any CPU.ActiveCfg = Debug|Any CPU
		{C60E95DE-8292-4427-BF57-C768D0ADAADE}.Debug|Any CPU.Build.0 = Debug|Any CPU
		{C60E95DE-8292-4427-BF57-C768D0ADAADE}.Debug|x64.ActiveCfg = Debug|Any CPU
		{C60E95DE-8292-4427-BF57-C768D0ADAADE}.Debug|x64.Build.0 = Debug|Any CPU
		{C60E95DE-8292-4427-BF57-C768D0ADAADE}.Debug|x86.ActiveCfg = Debug|Any CPU
		{C60E95DE-8292-4427-BF57-C768D0ADAADE}.Debug|x86.Build.0 = Debug|Any CPU
		{C60E95DE-8292-4427-BF57-C768D0ADAADE}.Release|Any CPU.ActiveCfg = Release|Any CPU
		{C60E95DE-8292-4427-BF57-C768D0ADAADE}.Release|Any CPU.Build.0 = Release|Any CPU
		{C60E95DE-8292-4427-BF57-C768D0ADAADE}.Release|x64.ActiveCfg = Release|Any CPU
		{C60E95DE-8292-4427-BF57-C768D0ADAADE}.Release|x64.Build.0 = Release|Any CPU
		{C60E95DE-8292-4427-BF57-C768D0ADAADE}.Release|x86.ActiveCfg = Release|Any CPU
		{C60E95DE-8292-4427-BF57-C768D0ADAADE}.Release|x86.Build.0 = Release|Any CPU
		{EB311208-1AF4-42E8-BA38-1BB6C065BE82}.Debug|Any CPU.ActiveCfg = Debug|Any CPU
		{EB311208-1AF4-42E8-BA38-1BB6C065BE82}.Debug|Any CPU.Build.0 = Debug|Any CPU
		{EB311208-1AF4-42E8-BA38-1BB6C065BE82}.Debug|x64.ActiveCfg = Debug|Any CPU
		{EB311208-1AF4-42E8-BA38-1BB6C065BE82}.Debug|x64.Build.0 = Debug|Any CPU
		{EB311208-1AF4-42E8-BA38-1BB6C065BE82}.Debug|x86.ActiveCfg = Debug|Any CPU
		{EB311208-1AF4-42E8-BA38-1BB6C065BE82}.Debug|x86.Build.0 = Debug|Any CPU
		{EB311208-1AF4-42E8-BA38-1BB6C065BE82}.Release|Any CPU.ActiveCfg = Release|Any CPU
		{EB311208-1AF4-42E8-BA38-1BB6C065BE82}.Release|Any CPU.Build.0 = Release|Any CPU
		{EB311208-1AF4-42E8-BA38-1BB6C065BE82}.Release|x64.ActiveCfg = Release|Any CPU
		{EB311208-1AF4-42E8-BA38-1BB6C065BE82}.Release|x64.Build.0 = Release|Any CPU
		{EB311208-1AF4-42E8-BA38-1BB6C065BE82}.Release|x86.ActiveCfg = Release|Any CPU
		{EB311208-1AF4-42E8-BA38-1BB6C065BE82}.Release|x86.Build.0 = Release|Any CPU
		{EECD800D-3868-415C-93AB-5685360CC3FA}.Debug|Any CPU.ActiveCfg = Debug|Any CPU
		{EECD800D-3868-415C-93AB-5685360CC3FA}.Debug|Any CPU.Build.0 = Debug|Any CPU
		{EECD800D-3868-415C-93AB-5685360CC3FA}.Debug|x64.ActiveCfg = Debug|Any CPU
		{EECD800D-3868-415C-93AB-5685360CC3FA}.Debug|x64.Build.0 = Debug|Any CPU
		{EECD800D-3868-415C-93AB-5685360CC3FA}.Debug|x86.ActiveCfg = Debug|Any CPU
		{EECD800D-3868-415C-93AB-5685360CC3FA}.Debug|x86.Build.0 = Debug|Any CPU
		{EECD800D-3868-415C-93AB-5685360CC3FA}.Release|Any CPU.ActiveCfg = Release|Any CPU
		{EECD800D-3868-415C-93AB-5685360CC3FA}.Release|Any CPU.Build.0 = Release|Any CPU
		{EECD800D-3868-415C-93AB-5685360CC3FA}.Release|x64.ActiveCfg = Release|Any CPU
		{EECD800D-3868-415C-93AB-5685360CC3FA}.Release|x64.Build.0 = Release|Any CPU
		{EECD800D-3868-415C-93AB-5685360CC3FA}.Release|x86.ActiveCfg = Release|Any CPU
		{EECD800D-3868-415C-93AB-5685360CC3FA}.Release|x86.Build.0 = Release|Any CPU
		{2621B4A1-A31F-499D-BB56-BD7AE3ED8C8B}.Debug|Any CPU.ActiveCfg = Debug|Any CPU
		{2621B4A1-A31F-499D-BB56-BD7AE3ED8C8B}.Debug|Any CPU.Build.0 = Debug|Any CPU
		{2621B4A1-A31F-499D-BB56-BD7AE3ED8C8B}.Debug|x64.ActiveCfg = Debug|Any CPU
		{2621B4A1-A31F-499D-BB56-BD7AE3ED8C8B}.Debug|x64.Build.0 = Debug|Any CPU
		{2621B4A1-A31F-499D-BB56-BD7AE3ED8C8B}.Debug|x86.ActiveCfg = Debug|Any CPU
		{2621B4A1-A31F-499D-BB56-BD7AE3ED8C8B}.Debug|x86.Build.0 = Debug|Any CPU
		{2621B4A1-A31F-499D-BB56-BD7AE3ED8C8B}.Release|Any CPU.ActiveCfg = Release|Any CPU
		{2621B4A1-A31F-499D-BB56-BD7AE3ED8C8B}.Release|Any CPU.Build.0 = Release|Any CPU
		{2621B4A1-A31F-499D-BB56-BD7AE3ED8C8B}.Release|x64.ActiveCfg = Release|Any CPU
		{2621B4A1-A31F-499D-BB56-BD7AE3ED8C8B}.Release|x64.Build.0 = Release|Any CPU
		{2621B4A1-A31F-499D-BB56-BD7AE3ED8C8B}.Release|x86.ActiveCfg = Release|Any CPU
		{2621B4A1-A31F-499D-BB56-BD7AE3ED8C8B}.Release|x86.Build.0 = Release|Any CPU
		{2A73F93C-0B3C-4BF4-8AD1-EFF3450B7493}.Debug|Any CPU.ActiveCfg = Debug|Any CPU
		{2A73F93C-0B3C-4BF4-8AD1-EFF3450B7493}.Debug|Any CPU.Build.0 = Debug|Any CPU
		{2A73F93C-0B3C-4BF4-8AD1-EFF3450B7493}.Debug|x64.ActiveCfg = Debug|Any CPU
		{2A73F93C-0B3C-4BF4-8AD1-EFF3450B7493}.Debug|x64.Build.0 = Debug|Any CPU
		{2A73F93C-0B3C-4BF4-8AD1-EFF3450B7493}.Debug|x86.ActiveCfg = Debug|Any CPU
		{2A73F93C-0B3C-4BF4-8AD1-EFF3450B7493}.Debug|x86.Build.0 = Debug|Any CPU
		{2A73F93C-0B3C-4BF4-8AD1-EFF3450B7493}.Release|Any CPU.ActiveCfg = Release|Any CPU
		{2A73F93C-0B3C-4BF4-8AD1-EFF3450B7493}.Release|Any CPU.Build.0 = Release|Any CPU
		{2A73F93C-0B3C-4BF4-8AD1-EFF3450B7493}.Release|x64.ActiveCfg = Release|Any CPU
		{2A73F93C-0B3C-4BF4-8AD1-EFF3450B7493}.Release|x64.Build.0 = Release|Any CPU
		{2A73F93C-0B3C-4BF4-8AD1-EFF3450B7493}.Release|x86.ActiveCfg = Release|Any CPU
		{2A73F93C-0B3C-4BF4-8AD1-EFF3450B7493}.Release|x86.Build.0 = Release|Any CPU
		{2A15D3E9-73D6-452B-B29D-CE185D79E05A}.Debug|Any CPU.ActiveCfg = Debug|Any CPU
		{2A15D3E9-73D6-452B-B29D-CE185D79E05A}.Debug|Any CPU.Build.0 = Debug|Any CPU
		{2A15D3E9-73D6-452B-B29D-CE185D79E05A}.Debug|x64.ActiveCfg = Debug|Any CPU
		{2A15D3E9-73D6-452B-B29D-CE185D79E05A}.Debug|x64.Build.0 = Debug|Any CPU
		{2A15D3E9-73D6-452B-B29D-CE185D79E05A}.Debug|x86.ActiveCfg = Debug|Any CPU
		{2A15D3E9-73D6-452B-B29D-CE185D79E05A}.Debug|x86.Build.0 = Debug|Any CPU
		{2A15D3E9-73D6-452B-B29D-CE185D79E05A}.Release|Any CPU.ActiveCfg = Release|Any CPU
		{2A15D3E9-73D6-452B-B29D-CE185D79E05A}.Release|Any CPU.Build.0 = Release|Any CPU
		{2A15D3E9-73D6-452B-B29D-CE185D79E05A}.Release|x64.ActiveCfg = Release|Any CPU
		{2A15D3E9-73D6-452B-B29D-CE185D79E05A}.Release|x64.Build.0 = Release|Any CPU
		{2A15D3E9-73D6-452B-B29D-CE185D79E05A}.Release|x86.ActiveCfg = Release|Any CPU
		{2A15D3E9-73D6-452B-B29D-CE185D79E05A}.Release|x86.Build.0 = Release|Any CPU
		{6BC6FB0C-D95C-4DEB-B609-C0B403017884}.Debug|Any CPU.ActiveCfg = Debug|Any CPU
		{6BC6FB0C-D95C-4DEB-B609-C0B403017884}.Debug|Any CPU.Build.0 = Debug|Any CPU
		{6BC6FB0C-D95C-4DEB-B609-C0B403017884}.Debug|x64.ActiveCfg = Debug|Any CPU
		{6BC6FB0C-D95C-4DEB-B609-C0B403017884}.Debug|x64.Build.0 = Debug|Any CPU
		{6BC6FB0C-D95C-4DEB-B609-C0B403017884}.Debug|x86.ActiveCfg = Debug|Any CPU
		{6BC6FB0C-D95C-4DEB-B609-C0B403017884}.Debug|x86.Build.0 = Debug|Any CPU
		{6BC6FB0C-D95C-4DEB-B609-C0B403017884}.Release|Any CPU.ActiveCfg = Release|Any CPU
		{6BC6FB0C-D95C-4DEB-B609-C0B403017884}.Release|Any CPU.Build.0 = Release|Any CPU
		{6BC6FB0C-D95C-4DEB-B609-C0B403017884}.Release|x64.ActiveCfg = Release|Any CPU
		{6BC6FB0C-D95C-4DEB-B609-C0B403017884}.Release|x64.Build.0 = Release|Any CPU
		{6BC6FB0C-D95C-4DEB-B609-C0B403017884}.Release|x86.ActiveCfg = Release|Any CPU
		{6BC6FB0C-D95C-4DEB-B609-C0B403017884}.Release|x86.Build.0 = Release|Any CPU
		{B582C8BD-ACBD-4035-9A64-3E9930262327}.Debug|Any CPU.ActiveCfg = Debug|Any CPU
		{B582C8BD-ACBD-4035-9A64-3E9930262327}.Debug|Any CPU.Build.0 = Debug|Any CPU
		{B582C8BD-ACBD-4035-9A64-3E9930262327}.Debug|x64.ActiveCfg = Debug|Any CPU
		{B582C8BD-ACBD-4035-9A64-3E9930262327}.Debug|x64.Build.0 = Debug|Any CPU
		{B582C8BD-ACBD-4035-9A64-3E9930262327}.Debug|x86.ActiveCfg = Debug|Any CPU
		{B582C8BD-ACBD-4035-9A64-3E9930262327}.Debug|x86.Build.0 = Debug|Any CPU
		{B582C8BD-ACBD-4035-9A64-3E9930262327}.Release|Any CPU.ActiveCfg = Release|Any CPU
		{B582C8BD-ACBD-4035-9A64-3E9930262327}.Release|Any CPU.Build.0 = Release|Any CPU
		{B582C8BD-ACBD-4035-9A64-3E9930262327}.Release|x64.ActiveCfg = Release|Any CPU
		{B582C8BD-ACBD-4035-9A64-3E9930262327}.Release|x64.Build.0 = Release|Any CPU
		{B582C8BD-ACBD-4035-9A64-3E9930262327}.Release|x86.ActiveCfg = Release|Any CPU
		{B582C8BD-ACBD-4035-9A64-3E9930262327}.Release|x86.Build.0 = Release|Any CPU
		{578A7F6A-8CBD-4779-822A-ECBC4AA63869}.Debug|Any CPU.ActiveCfg = Debug|Any CPU
		{578A7F6A-8CBD-4779-822A-ECBC4AA63869}.Debug|Any CPU.Build.0 = Debug|Any CPU
		{578A7F6A-8CBD-4779-822A-ECBC4AA63869}.Debug|x64.ActiveCfg = Debug|Any CPU
		{578A7F6A-8CBD-4779-822A-ECBC4AA63869}.Debug|x64.Build.0 = Debug|Any CPU
		{578A7F6A-8CBD-4779-822A-ECBC4AA63869}.Debug|x86.ActiveCfg = Debug|Any CPU
		{578A7F6A-8CBD-4779-822A-ECBC4AA63869}.Debug|x86.Build.0 = Debug|Any CPU
		{578A7F6A-8CBD-4779-822A-ECBC4AA63869}.Release|Any CPU.ActiveCfg = Release|Any CPU
		{578A7F6A-8CBD-4779-822A-ECBC4AA63869}.Release|Any CPU.Build.0 = Release|Any CPU
		{578A7F6A-8CBD-4779-822A-ECBC4AA63869}.Release|x64.ActiveCfg = Release|Any CPU
		{578A7F6A-8CBD-4779-822A-ECBC4AA63869}.Release|x64.Build.0 = Release|Any CPU
		{578A7F6A-8CBD-4779-822A-ECBC4AA63869}.Release|x86.ActiveCfg = Release|Any CPU
		{578A7F6A-8CBD-4779-822A-ECBC4AA63869}.Release|x86.Build.0 = Release|Any CPU
	EndGlobalSection
	GlobalSection(SolutionProperties) = preSolution
		HideSolutionNode = FALSE
	EndGlobalSection
	GlobalSection(NestedProjects) = preSolution
		{C8798345-E150-4D2C-8C1E-BE514C765BE4} = {C8597422-D0CB-4AC7-84C1-F901E27C7AB5}
		{33914241-13E2-45CC-83BD-472A716E770D} = {C8597422-D0CB-4AC7-84C1-F901E27C7AB5}
		{C60E95DE-8292-4427-BF57-C768D0ADAADE} = {C8597422-D0CB-4AC7-84C1-F901E27C7AB5}
		{EECD800D-3868-415C-93AB-5685360CC3FA} = {640D15B1-8E1B-4132-85F9-65DB047A0FD5}
		{2621B4A1-A31F-499D-BB56-BD7AE3ED8C8B} = {C8597422-D0CB-4AC7-84C1-F901E27C7AB5}
		{2A73F93C-0B3C-4BF4-8AD1-EFF3450B7493} = {E392A1CD-8BF5-427B-90B0-59B13ED19076}
		{2A15D3E9-73D6-452B-B29D-CE185D79E05A} = {E392A1CD-8BF5-427B-90B0-59B13ED19076}
		{6BC6FB0C-D95C-4DEB-B609-C0B403017884} = {CC6499A2-FA56-444F-A9E0-ED4C7F97927B}
		{B582C8BD-ACBD-4035-9A64-3E9930262327} = {CC6499A2-FA56-444F-A9E0-ED4C7F97927B}
		{578A7F6A-8CBD-4779-822A-ECBC4AA63869} = {640D15B1-8E1B-4132-85F9-65DB047A0FD5}
	EndGlobalSection
	GlobalSection(ExtensibilityGlobals) = postSolution
		SolutionGuid = {085E1481-5110-46A2-9C19-0C6300407B06}
	EndGlobalSection
EndGlobal
